
Microsoft Visual Studio Solution File, Format Version 12.00
# Visual Studio Version 16
VisualStudioVersion = 16.0.30204.135
MinimumVisualStudioVersion = 10.0.40219.1
Project("{9A19103F-16F7-4668-BE54-9A1E7A4F7556}") = "PhonerLiteSync", "PhonerLiteSync\PhonerLiteSync.csproj", "{D84E85D9-B1E7-4F0B-BBD7-91F0C101B4A3}"
EndProject
Project("{9A19103F-16F7-4668-BE54-9A1E7A4F7556}") = "Tests", "Tests\Tests.csproj", "{E6F60C48-5EBC-4C37-8EC8-432C361D3CF5}"
EndProject
Project("{C7167F0D-BC9F-4E6E-AFE1-012C56B48DB5}") = "Publish", "Publish\Publish.wapproj", "{54441B47-97D5-4917-8E39-6DC0A0632972}"
EndProject
Global
	GlobalSection(SolutionConfigurationPlatforms) = preSolution
		Debug|Any CPU = Debug|Any CPU
		Debug|ARM = Debug|ARM
		Debug|ARM64 = Debug|ARM64
		Debug|x64 = Debug|x64
		Debug|x86 = Debug|x86
		Release|Any CPU = Release|Any CPU
		Release|ARM = Release|ARM
		Release|ARM64 = Release|ARM64
		Release|x64 = Release|x64
		Release|x86 = Release|x86
	EndGlobalSection
	GlobalSection(ProjectConfigurationPlatforms) = postSolution
		{D84E85D9-B1E7-4F0B-BBD7-91F0C101B4A3}.Debug|Any CPU.ActiveCfg = Debug|Any CPU
		{D84E85D9-B1E7-4F0B-BBD7-91F0C101B4A3}.Debug|Any CPU.Build.0 = Debug|Any CPU
		{D84E85D9-B1E7-4F0B-BBD7-91F0C101B4A3}.Debug|ARM.ActiveCfg = Debug|Any CPU
		{D84E85D9-B1E7-4F0B-BBD7-91F0C101B4A3}.Debug|ARM.Build.0 = Debug|Any CPU
		{D84E85D9-B1E7-4F0B-BBD7-91F0C101B4A3}.Debug|ARM64.ActiveCfg = Debug|Any CPU
		{D84E85D9-B1E7-4F0B-BBD7-91F0C101B4A3}.Debug|ARM64.Build.0 = Debug|Any CPU
		{D84E85D9-B1E7-4F0B-BBD7-91F0C101B4A3}.Debug|x64.ActiveCfg = Debug|Any CPU
		{D84E85D9-B1E7-4F0B-BBD7-91F0C101B4A3}.Debug|x64.Build.0 = Debug|Any CPU
		{D84E85D9-B1E7-4F0B-BBD7-91F0C101B4A3}.Debug|x86.ActiveCfg = Debug|Any CPU
		{D84E85D9-B1E7-4F0B-BBD7-91F0C101B4A3}.Debug|x86.Build.0 = Debug|Any CPU
		{D84E85D9-B1E7-4F0B-BBD7-91F0C101B4A3}.Release|Any CPU.ActiveCfg = Release|Any CPU
		{D84E85D9-B1E7-4F0B-BBD7-91F0C101B4A3}.Release|Any CPU.Build.0 = Release|Any CPU
		{D84E85D9-B1E7-4F0B-BBD7-91F0C101B4A3}.Release|ARM.ActiveCfg = Release|Any CPU
		{D84E85D9-B1E7-4F0B-BBD7-91F0C101B4A3}.Release|ARM.Build.0 = Release|Any CPU
		{D84E85D9-B1E7-4F0B-BBD7-91F0C101B4A3}.Release|ARM64.ActiveCfg = Release|Any CPU
		{D84E85D9-B1E7-4F0B-BBD7-91F0C101B4A3}.Release|ARM64.Build.0 = Release|Any CPU
		{D84E85D9-B1E7-4F0B-BBD7-91F0C101B4A3}.Release|x64.ActiveCfg = Release|Any CPU
		{D84E85D9-B1E7-4F0B-BBD7-91F0C101B4A3}.Release|x64.Build.0 = Release|Any CPU
		{D84E85D9-B1E7-4F0B-BBD7-91F0C101B4A3}.Release|x86.ActiveCfg = Release|Any CPU
		{D84E85D9-B1E7-4F0B-BBD7-91F0C101B4A3}.Release|x86.Build.0 = Release|Any CPU
		{E6F60C48-5EBC-4C37-8EC8-432C361D3CF5}.Debug|Any CPU.ActiveCfg = Debug|Any CPU
		{E6F60C48-5EBC-4C37-8EC8-432C361D3CF5}.Debug|Any CPU.Build.0 = Debug|Any CPU
		{E6F60C48-5EBC-4C37-8EC8-432C361D3CF5}.Debug|ARM.ActiveCfg = Debug|Any CPU
		{E6F60C48-5EBC-4C37-8EC8-432C361D3CF5}.Debug|ARM.Build.0 = Debug|Any CPU
		{E6F60C48-5EBC-4C37-8EC8-432C361D3CF5}.Debug|ARM64.ActiveCfg = Debug|Any CPU
		{E6F60C48-5EBC-4C37-8EC8-432C361D3CF5}.Debug|ARM64.Build.0 = Debug|Any CPU
		{E6F60C48-5EBC-4C37-8EC8-432C361D3CF5}.Debug|x64.ActiveCfg = Debug|Any CPU
		{E6F60C48-5EBC-4C37-8EC8-432C361D3CF5}.Debug|x64.Build.0 = Debug|Any CPU
		{E6F60C48-5EBC-4C37-8EC8-432C361D3CF5}.Debug|x86.ActiveCfg = Debug|Any CPU
		{E6F60C48-5EBC-4C37-8EC8-432C361D3CF5}.Debug|x86.Build.0 = Debug|Any CPU
		{E6F60C48-5EBC-4C37-8EC8-432C361D3CF5}.Release|Any CPU.ActiveCfg = Release|Any CPU
		{E6F60C48-5EBC-4C37-8EC8-432C361D3CF5}.Release|Any CPU.Build.0 = Release|Any CPU
		{E6F60C48-5EBC-4C37-8EC8-432C361D3CF5}.Release|ARM.ActiveCfg = Release|Any CPU
		{E6F60C48-5EBC-4C37-8EC8-432C361D3CF5}.Release|ARM.Build.0 = Release|Any CPU
		{E6F60C48-5EBC-4C37-8EC8-432C361D3CF5}.Release|ARM64.ActiveCfg = Release|Any CPU
		{E6F60C48-5EBC-4C37-8EC8-432C361D3CF5}.Release|ARM64.Build.0 = Release|Any CPU
		{E6F60C48-5EBC-4C37-8EC8-432C361D3CF5}.Release|x64.ActiveCfg = Release|Any CPU
		{E6F60C48-5EBC-4C37-8EC8-432C361D3CF5}.Release|x64.Build.0 = Release|Any CPU
		{E6F60C48-5EBC-4C37-8EC8-432C361D3CF5}.Release|x86.ActiveCfg = Release|Any CPU
		{E6F60C48-5EBC-4C37-8EC8-432C361D3CF5}.Release|x86.Build.0 = Release|Any CPU
		{54441B47-97D5-4917-8E39-6DC0A0632972}.Debug|Any CPU.ActiveCfg = Debug|Any CPU
		{54441B47-97D5-4917-8E39-6DC0A0632972}.Debug|Any CPU.Build.0 = Debug|Any CPU
		{54441B47-97D5-4917-8E39-6DC0A0632972}.Debug|Any CPU.Deploy.0 = Debug|Any CPU
		{54441B47-97D5-4917-8E39-6DC0A0632972}.Debug|ARM.ActiveCfg = Debug|ARM
		{54441B47-97D5-4917-8E39-6DC0A0632972}.Debug|ARM.Build.0 = Debug|ARM
		{54441B47-97D5-4917-8E39-6DC0A0632972}.Debug|ARM.Deploy.0 = Debug|ARM
		{54441B47-97D5-4917-8E39-6DC0A0632972}.Debug|ARM64.ActiveCfg = Debug|ARM64
		{54441B47-97D5-4917-8E39-6DC0A0632972}.Debug|ARM64.Build.0 = Debug|ARM64
		{54441B47-97D5-4917-8E39-6DC0A0632972}.Debug|ARM64.Deploy.0 = Debug|ARM64
		{54441B47-97D5-4917-8E39-6DC0A0632972}.Debug|x64.ActiveCfg = Debug|x64
		{54441B47-97D5-4917-8E39-6DC0A0632972}.Debug|x64.Build.0 = Debug|x64
		{54441B47-97D5-4917-8E39-6DC0A0632972}.Debug|x64.Deploy.0 = Debug|x64
		{54441B47-97D5-4917-8E39-6DC0A0632972}.Debug|x86.ActiveCfg = Debug|x86
		{54441B47-97D5-4917-8E39-6DC0A0632972}.Debug|x86.Build.0 = Debug|x86
		{54441B47-97D5-4917-8E39-6DC0A0632972}.Debug|x86.Deploy.0 = Debug|x86
		{54441B47-97D5-4917-8E39-6DC0A0632972}.Release|Any CPU.ActiveCfg = Release|Any CPU
		{54441B47-97D5-4917-8E39-6DC0A0632972}.Release|Any CPU.Build.0 = Release|Any CPU
		{54441B47-97D5-4917-8E39-6DC0A0632972}.Release|Any CPU.Deploy.0 = Release|Any CPU
		{54441B47-97D5-4917-8E39-6DC0A0632972}.Release|ARM.ActiveCfg = Release|ARM
		{54441B47-97D5-4917-8E39-6DC0A0632972}.Release|ARM.Build.0 = Release|ARM
		{54441B47-97D5-4917-8E39-6DC0A0632972}.Release|ARM.Deploy.0 = Release|ARM
		{54441B47-97D5-4917-8E39-6DC0A0632972}.Release|ARM64.ActiveCfg = Release|ARM64
		{54441B47-97D5-4917-8E39-6DC0A0632972}.Release|ARM64.Build.0 = Release|ARM64
		{54441B47-97D5-4917-8E39-6DC0A0632972}.Release|ARM64.Deploy.0 = Release|ARM64
		{54441B47-97D5-4917-8E39-6DC0A0632972}.Release|x64.ActiveCfg = Release|x64
		{54441B47-97D5-4917-8E39-6DC0A0632972}.Release|x64.Build.0 = Release|x64
		{54441B47-97D5-4917-8E39-6DC0A0632972}.Release|x64.Deploy.0 = Release|x64
		{54441B47-97D5-4917-8E39-6DC0A0632972}.Release|x86.ActiveCfg = Release|x86
		{54441B47-97D5-4917-8E39-6DC0A0632972}.Release|x86.Build.0 = Release|x86
		{54441B47-97D5-4917-8E39-6DC0A0632972}.Release|x86.Deploy.0 = Release|x86
	EndGlobalSection
	GlobalSection(SolutionProperties) = preSolution
		HideSolutionNode = FALSE
	EndGlobalSection
	GlobalSection(ExtensibilityGlobals) = postSolution
		SolutionGuid = {64C99802-ADF6-40C8-BD27-9EA7CF35F0D0}
	EndGlobalSection
EndGlobal
